
Microsoft Visual Studio Solution File, Format Version 12.00
# Visual Studio Version 17
VisualStudioVersion = 17.7.34202.233
MinimumVisualStudioVersion = 10.0.40219.1
Project("{9A19103F-16F7-4668-BE54-9A1E7A4F7556}") = "CleanroomMonitoring.Web", "CleanRoom.Web\CleanroomMonitoring.Web.csproj", "{805A8314-FDE6-41B9-BD5A-6BD1DA0A5755}"
EndProject
Global
	GlobalSection(SolutionConfigurationPlatforms) = preSolution
		Debug|Any CPU = Debug|Any CPU
		Release|Any CPU = Release|Any CPU
	EndGlobalSection
	GlobalSection(ProjectConfigurationPlatforms) = postSolution
		{805A8314-FDE6-41B9-BD5A-6BD1DA0A5755}.Debug|Any CPU.ActiveCfg = Debug|Any CPU
		{805A8314-FDE6-41B9-BD5A-6BD1DA0A5755}.Debug|Any CPU.Build.0 = Debug|Any CPU
		{805A8314-FDE6-41B9-BD5A-6BD1DA0A5755}.Release|Any CPU.ActiveCfg = Release|Any CPU
		{805A8314-FDE6-41B9-BD5A-6BD1DA0A5755}.Release|Any CPU.Build.0 = Release|Any CPU
	EndGlobalSection
	GlobalSection(SolutionProperties) = preSolution
		HideSolutionNode = FALSE
	EndGlobalSection
	GlobalSection(ExtensibilityGlobals) = postSolution
		SolutionGuid = {48BB6C9A-3E59-4DD5-9E3D-1E3D69133C1F}
	EndGlobalSection
EndGlobal
